{
  "schema": "nrfkit-sources/v1",
  "vendor_import_manifest": {
    "path": "docs/provenance/vendor-imports.lock",
    "sha256": "250ed9a4b9b8613a428f58286683c9882e6f2d44c2319924bcd57c435233b0f8"
  },
  "audited_sources": {
    "nrf54lm20-datasheet-1.0": {
      "release": "nRF54LM20A/nRF54LM20B Datasheet v1.0",
      "url": "https://docs.nordicsemi.com/r/bundle/ps_nrf54lm20a/",
      "sha256": "03a834fb52be8cf6248df6f67737f055c035cfb83492d44d58bdc2f0bfa3a3af",
      "import_date": "2026-09-04",
      "imported": false,
      "patches": "none"
    },
    "ncs-radio-test-3.4.0": {
      "release": "nRF Connect SDK v3.4.0 radio_test comparison",
      "repository": "https://github.com/nrfconnect/sdk-nrf",
      "commit": "99553055607b2e9885fbc80ccd11fa9da81c2df0",
      "import_date": "2026-09-04",
      "imported": false,
      "patches": "none",
      "files": {
        "samples/peripheral/radio_test/src/main.c": {
          "sha256": "22a3d99311934f2ff14870003f1c367827853f5d61bf3c6b443db8b6be942d5f",
          "license": "LicenseRef-Nordic-5-Clause"
        },
        "samples/peripheral/radio_test/src/radio_test.c": {
          "sha256": "e493efb2391e0a70b375a7598604e9a01f71e7de5dd80d3271344627c4f450ed",
          "license": "LicenseRef-Nordic-5-Clause"
        }
      }
    },
    "sdk-nrfxlib-3.4.0": {
      "release": "sdk-nrfxlib v3.4.0",
      "repository": "https://github.com/nrfconnect/sdk-nrfxlib",
      "commit": "d4ce5fe1a7d8af29bc01a4e1ddf5540ef65b6a3b",
      "binary_manifest_revision": "c8da3098f9f034a44b6ebad30819cc0cea51da47",
      "target": "nrf54lm",
      "security_domain": "secure",
      "float_abi": "hard-float",
      "import_date": "2026-09-05",
      "imported": true,
      "patches": "none",
      "files": {
        "LICENSE": {
          "sha256": "47d92141c69e74a0166c319a41e5005ce2b87f0498e5dbd5a0c5a34f9ef63954",
          "license": "LicenseRef-Nordic-5-Clause"
        },
        "softdevice_controller/README.rst": {
          "sha256": "187a6489e9c871e1c06cc9f6ea33fb24f00527fa6709094072b23c4d21b3b470",
          "license": "LicenseRef-Nordic-5-Clause"
        },
        "softdevice_controller/CHANGELOG.rst": {
          "sha256": "65668e3ec0a1929b2d63c586b4d913174e5531de1a44023ccb2942da96f7a440",
          "license": "LicenseRef-Nordic-5-Clause"
        },
        "softdevice_controller/doc/softdevice_controller.rst": {
          "sha256": "4af75d37cbee20dd570e80c5c8f41f039043dcfafa815f86a25f6165d5b31cb3",
          "license": "LicenseRef-Nordic-5-Clause"
        },
        "softdevice_controller/doc/api.rst": {
          "sha256": "2ed5ae25d7d1ae11609598b5efcf4507c98e7eadfd4f0a1fc9c26202065ddb54",
          "license": "LicenseRef-Nordic-5-Clause"
        },
        "softdevice_controller/doc/scheduling.rst": {
          "sha256": "d9fe2d4999603641f46cda7f1121c5c4ff471593275fa342bc3de7c937ad34e6",
          "license": "LicenseRef-Nordic-5-Clause"
        },
        "softdevice_controller/license.txt": {
          "sha256": "62d705f6425c1816dfbd92e348fd8c2387355fc1f2ec2661ab4508512b922478",
          "license": "LicenseRef-Nordic-5-Clause"
        },
        "softdevice_controller/include/sdc.h": {
          "sha256": "f5ef17d405a07000cc969617c808c465af5cba5044ab9cb48c69742e8d5a3e58",
          "license": "LicenseRef-Nordic-5-Clause"
        },
        "softdevice_controller/include/sdc_hci.h": {
          "sha256": "eb1a3b2b4892a21a569704943b037bf52dccab8c08aca0ce8bcfa8a9e6be284d",
          "license": "LicenseRef-Nordic-5-Clause"
        },
        "softdevice_controller/include/sdc_soc.h": {
          "sha256": "42dd1036606f50132bc3119f1c1aafaa187240fc6de9a17aca5d489d47b36c30",
          "license": "LicenseRef-Nordic-5-Clause"
        },
        "softdevice_controller/include/sdc_asserts.h": {
          "sha256": "a5ee619dbd43ee8130372474ac1dc3ec80b669b7cda4d21b7203eae3e6766ac4",
          "license": "LicenseRef-Nordic-5-Clause"
        },
        "softdevice_controller/lib/nrf54lm/manifest.yaml": {
          "sha256": "49263225476c30ede292ad5d0965427f2a7da8b222c0bb41d129a66d6a9fb24b",
          "license": "LicenseRef-Nordic-5-Clause"
        },
        "softdevice_controller/lib/nrf54lm/hard-float/libsoftdevice_controller_multirole.a": {
          "sha256": "74b04b594ae5593e3b1e8eb4f2408c4ae9c6d96b1e1ff64abfd3e5d1010ead52",
          "license": "LicenseRef-Nordic-5-Clause"
        },
        "softdevice_controller/lib/nrf54lm/hard-float/libsoftdevice_controller_peripheral.a": {
          "sha256": "4ba73318343946c3e2d46825888e09fabce4a11e249905e373ec4cbb802bb3e3",
          "license": "LicenseRef-Nordic-5-Clause"
        },
        "softdevice_controller/lib/nrf54lm/hard-float/libsoftdevice_controller_central.a": {
          "sha256": "f499ee6db94d45be6c8a1c83d8aa7157632b445c1d4fffd59946d49925a1186b",
          "license": "LicenseRef-Nordic-5-Clause"
        },
        "mpsl/README.rst": {
          "sha256": "59efd71fc1a75c8057a72f630b19125e34805b7bde911cdebdd671b4a34db019",
          "license": "LicenseRef-Nordic-5-Clause"
        },
        "mpsl/CHANGELOG.rst": {
          "sha256": "61c7619eac8e3152bfb6ba058352ee6578d0de2a1934978c9fd82c6591125244",
          "license": "LicenseRef-Nordic-5-Clause"
        },
        "mpsl/doc/clock.rst": {
          "sha256": "7b92e7571d3309025026362e079898c593ea32cf4a9520460545a52978f07357",
          "license": "LicenseRef-Nordic-5-Clause"
        },
        "mpsl/doc/mpsl.rst": {
          "sha256": "c20830af496fdff9fc3d31a8690651e6900ccc644c2d0de60a46c0d868fb55ac",
          "license": "LicenseRef-Nordic-5-Clause"
        },
        "mpsl/doc/api.rst": {
          "sha256": "7e8b8fedda2464343e2cbcc29da03868a67b547ae0e81eefe1ad8042aaf9cfe7",
          "license": "LicenseRef-Nordic-5-Clause"
        },
        "mpsl/doc/pm.rst": {
          "sha256": "d728422ef40a9e958602fec7bbd789f596f3de83cbe9d2f6fb8a4884ba94f7ee",
          "license": "LicenseRef-Nordic-5-Clause"
        },
        "mpsl/doc/timeslot.rst": {
          "sha256": "372ffed3108e5649aac2965b716470e241bfcf7b7ea1a2dfe22700c84a653876",
          "license": "LicenseRef-Nordic-5-Clause"
        },
        "mpsl/license.txt": {
          "sha256": "4d672c178104f0ecdd99523637c14def88f1a6d118bde38ed452618eb5a26ad9",
          "license": "LicenseRef-Nordic-5-Clause"
        },
        "mpsl/LICENSE-ATTRIBUTION.txt": {
          "sha256": "7f1899283abee89a08981a079782eefe7de928cca4df743f6731d818bfdca614",
          "license": "LicenseRef-Nordic-5-Clause"
        },
        "mpsl/include/mpsl.h": {
          "sha256": "2eeb4fee3a5d0b94f5767345a03cdcf79b18fff21cc150a1696812b65f0403d9",
          "license": "LicenseRef-Nordic-5-Clause"
        },
        "mpsl/include/mpsl_clock.h": {
          "sha256": "af51a5a4c03e13ba8d119f59e885c417878ed970121726c6b099f848de4f1374",
          "license": "LicenseRef-Nordic-5-Clause"
        },
        "mpsl/include/mpsl_hwres.h": {
          "sha256": "dae06cd6ac758f6cef5886dd2384612f0bc55e8ba15904cdbd0626ac44432982",
          "license": "LicenseRef-Nordic-5-Clause"
        },
        "mpsl/include/mpsl_hwres_ppi.h": {
          "sha256": "cd71f8e6770fd21b1b83a36daf59f011e0b0b7a72ce1ffcd6808f1ce6655c815",
          "license": "LicenseRef-Nordic-5-Clause"
        },
        "mpsl/include/mpsl_asserts.h": {
          "sha256": "eb5b63bd5d7d973510e719f0eafeab9fadd96de65c69db3c1bc2c58233b03fb8",
          "license": "LicenseRef-Nordic-5-Clause"
        },
        "mpsl/include/mpsl_timeslot.h": {
          "sha256": "7d587cf89315cbf779b572258672edcc649de4d0bb715bb7c3216559c68dad93",
          "license": "LicenseRef-Nordic-5-Clause"
        },
        "mpsl/lib/nrf54lm/manifest.yaml": {
          "sha256": "2cd5b95867d1e525d18e2661868e73d188fa44218d7592e3274ce9736a913d2c",
          "license": "LicenseRef-Nordic-5-Clause"
        },
        "mpsl/lib/nrf54lm/hard-float/libmpsl.a": {
          "sha256": "5d6ec178b731b721d519089fa9f2c9adf4fba37e3d77387c8a9c4133752fdb7e",
          "license": "LicenseRef-Nordic-5-Clause"
        },
        "mpsl/fem/include/protocol/mpsl_fem_protocol_api.h": {
          "sha256": "9236b7252f3de38c1c0b1cfba2021ae8a670f9f88f97c5314c01b10837025fe6",
          "license": "LicenseRef-Nordic-5-Clause"
        },
        "mpsl/fem/common/lib/nrf54lm/manifest.yaml": {
          "sha256": "17b3a29dc1c32373b105886f12bbabab0f9fc6c65705be935ab489d773ac85af",
          "license": "LicenseRef-Nordic-5-Clause"
        },
        "mpsl/fem/common/lib/nrf54lm/hard-float/libmpsl_fem_common.a": {
          "sha256": "e6780c52ba4cd00c894b94f7dbf6802ff37e54fc4a6b8d5d9b0f670eca8f50e0",
          "license": "LicenseRef-Nordic-5-Clause"
        }
      }
    },
    "nrfx-4.5.0": {
      "release": "nrfx v4.5.0",
      "repository": "https://github.com/NordicSemiconductor/nrfx",
      "commit": "1b7bedb5c7f379a3ec3ece851796e94d7e5d0b2c",
      "mdk_version": "9.0.2-RC-1",
      "import_date": "2026-09-04",
      "imported": true,
      "patches": [
        "patches/nrfx/0001-grtc-enable-compare-after-programming.patch",
        "patches/nrfx/0002-clock-xo-allow-null-source-output.patch"
      ],
      "files": {
        "LICENSE": {
          "sha256": "55e466145d9fbe1ded026036d65abf9c610483cf9042d8689aebe3553984178e",
          "license": "BSD-3-Clause"
        },
        "bsp/stable/mdk/common/nrf_common.ld": {
          "sha256": "074ab53c80f7e3206c1c686ce0c2d4bf0fadea0ddede4c4eb6f5feb12ad05bbf",
          "license": "LicenseRef-CodeSourcery-Linker-Script"
        },
        "bsp/stable/mdk/nrf54l/system_nrf54l.c": {
          "sha256": "0d028b02ceec9dfe5d34c5d35bca8c35fe70de89c4a176614b202e20d8722c99",
          "license": "Apache-2.0"
        },
        "bsp/stable/mdk/nrf54l/system_nrf54l.h": {
          "sha256": "0f1dff09c7fa8174cc916d1d15993d4377bf5aa8ecd641c593340e3e8dd31895",
          "license": "Apache-2.0"
        },
        "bsp/stable/mdk/nrf54l/nrf54lm20a/gcc_startup_nrf54lm20a_application.S": {
          "sha256": "dc1030b228b8e5552189818aad0cde5344466457985a656cc989d5cc153fc9b2",
          "license": "Apache-2.0"
        },
        "bsp/stable/mdk/nrf54l/nrf54lm20a/nrf54lm20a_xxaa_application.ld": {
          "sha256": "b735f14c15d3ee987877c96b02127ecef024557c012bd05377b95754292ccc70",
          "license": "BSD-3-Clause"
        },
        "bsp/stable/mdk/nrf54l/nrf54lm20a/nrf54lm20a_xxaa_application_memory.h": {
          "sha256": "c6a091fe5e8ff67a05f6e0b306ab5ab4efddf37a5a48706fe2616160241563fe",
          "license": "BSD-3-Clause"
        },
        "bsp/stable/mdk/nrf54l/nrf54lm20a/nrf54lm20a_application.h": {
          "sha256": "161484696a4912ce758e8521f4acbd63a4debd45feb662da0c07bf0cd0825088",
          "license": "BSD-3-Clause"
        },
        "bsp/stable/mdk/nrf54l/nrf54lm20a/nrf54lm20a_application_vectors.h": {
          "sha256": "bd5f90147e8b9c880cad4200558cea5a4605cd4a61712b2cfd1d8ea7470b0eab",
          "license": "BSD-3-Clause"
        },
        "bsp/stable/mdk/nrf54l/nrf54lm20a/nrf54lm20a_application.svd": {
          "sha256": "847e2de9bf06a4750620e3d582d680cc390dd58b34af1f874100c872788fd862",
          "license": "BSD-3-Clause"
        },
        "bsp/stable/mdk/nrf54l/nrf54l15/gcc_startup_nrf54l15_application.S": {
          "sha256": "a97c5c0f12ae1d4d7e8ce4a1f0f67fcb69718cdd8ec6ceae60ce9a369d4ae5e8",
          "license": "Apache-2.0"
        },
        "bsp/stable/mdk/nrf54l/nrf54l15/nrf54l15_xxaa_application.ld": {
          "sha256": "24ae49a99d667ddc90bc79b79f584f3895c56edf98ce3c257f71c4940013e058",
          "license": "BSD-3-Clause"
        },
        "bsp/stable/mdk/nrf54l/nrf54l15/nrf54l15_xxaa_application_memory.h": {
          "sha256": "a9796cbc8c770de08181567097c5c645a3b7adb3290ba397a09c79e0b1f992b5",
          "license": "BSD-3-Clause"
        },
        "bsp/stable/mdk/nrf54l/nrf54l15/nrf54l15_application.h": {
          "sha256": "ed4d5392e0bfdd46fb3d24eb5231cb5701ff084861fdc1c71c78a7f71ea561a7",
          "license": "BSD-3-Clause"
        },
        "bsp/stable/mdk/nrf54l/nrf54l15/nrf54l15_application_vectors.h": {
          "sha256": "52bd19365b83aaa0f3bb58b89f3e9c575c43dedbde971f2c07c96a20aa096ce5",
          "license": "BSD-3-Clause"
        },
        "bsp/stable/mdk/nrf54l/nrf54l15/nrf54l15_application.svd": {
          "sha256": "b4787bb032b71c00341d5e00ad4ee64bb23bc3762879335570278a4e641ed44b",
          "license": "BSD-3-Clause"
        }
      }
    },
    "cmsis-6.3.0": {
      "release": "CMSIS 6.3.0",
      "repository": "https://github.com/ARM-software/CMSIS_6",
      "commit": "45dab712ad84f8cbbf2b7bfc089c19088507df6f",
      "import_date": "2026-09-04",
      "imported": true,
      "patches": "none",
      "files": {
        "LICENSE": {
          "sha256": "b40930bbcf80744c86c46a12bc9da056641d722716c378f5659b9e555ef833e1",
          "license": "Apache-2.0"
        }
      }
    },
    "cherryusb-1.6.1": {
      "release": "CherryUSB v1.6.1",
      "repository": "https://github.com/cherry-embedded/CherryUSB",
      "commit": "c9625ffa773ad10b8824d1b5361bca2ccc1f3d1e",
      "import_date": "2026-09-04",
      "imported": true,
      "patches": "none",
      "files": {
        "LICENSE": {
          "sha256": "c71d239df91726fc519c6eb72d318ec65820627232b2f796219e87dcf35d0ab4",
          "license": "Apache-2.0"
        },
        "core/usbd_core.c": {
          "sha256": "409b74d21a58335d67c19e01cab99447c05443d408b94aad72d3627e34793f56",
          "license": "Apache-2.0"
        },
        "class/hid/usbd_hid.c": {
          "sha256": "ac421271e0f2e4b0a47507be66a9f0bfbec896eaff7d34c2ff7c2a16c7d3e312",
          "license": "Apache-2.0"
        },
        "port/dwc2/usb_dc_dwc2.c": {
          "sha256": "9811a628a60e06f9a19385ae5285e7a72ec4bd03d4f31b76b6cc5d1bc94be9a6",
          "license": "Apache-2.0"
        },
        "port/dwc2/usb_glue_esp.c": {
          "sha256": "cad1f185b22a9dfdb1b057dbd555e686a0bdc649dcd4e59dc26b75f4ffa6f30c",
          "license": "Apache-2.0"
        },
        "port/dwc2/usb_glue_hc.c": {
          "sha256": "9b11c16265b8793bfffb845b02532d4d21e84df543cf34eab76888a738220d01",
          "license": "Apache-2.0"
        },
        "port/dwc2/usb_glue_kendryte.c": {
          "sha256": "0c986b0b31fdc20086089f0f9fbcfbb63e0a81a50292ce0aed945f22d3f2b12b",
          "license": "Apache-2.0"
        },
        "port/dwc2/usb_glue_nation.c": {
          "sha256": "5c7ff65fbb090ebebbecd16bf30489f3c11adcbff9ed6200c7595f66344f14a7",
          "license": "Apache-2.0"
        },
        "port/dwc2/usb_glue_st.c": {
          "sha256": "04a5a30e0b221d708e9702a6682d21ef14315b1be1f2ffb547f42cf4d3a0f078",
          "license": "Apache-2.0"
        }
      }
    },
    "nrf-device-family-pack-8.44.1": {
      "release": "NordicSemiconductor.nRF_DeviceFamilyPack 8.44.1",
      "url": "https://developer.nordicsemi.com/nRF5_SDK/pieces/nRF_DeviceFamilyPack/NordicSemiconductor.nRF_DeviceFamilyPack.8.44.1.pack",
      "sha256": "95136b57a8310ba367aa46cb66c8d149561fc7876c5f3736f323a9dbfb8f559e",
      "license": "BSD-3-Clause",
      "import_date": "2026-09-04",
      "imported": false,
      "patches": "none"
    },
    "trusted-firmware-m-ncs-3.4.0": {
      "release": "Trusted Firmware-M in nRF Connect SDK v3.4.0",
      "repository": "https://git.trustedfirmware.org/TF-M/trusted-firmware-m.git",
      "commit": "c9f73070ad6d9469574fc13a4e297ed33ab7e84a",
      "import_date": "2026-09-04",
      "imported": false,
      "patches": "none",
      "files": {
        "license.rst": {
          "sha256": "3a2106e9cca6a3bc3f1afaa300c36c7ba7d425691b10e75b23f2bea19e94f16e",
          "license": "Apache-2.0"
        },
        "platform/ext/target/nordic_nrf/common/core/startup_nrf54lm.c": {
          "sha256": "43719e167f2bfb75186e7cc95824670b3d148ad20d13ec09a56bfe9683040aff",
          "license": "Apache-2.0"
        },
        "platform/ext/target/nordic_nrf/common/core/startup_nrf54lx.c": {
          "sha256": "fa5d7bee2df1ede4c450eaf9d2f0296f9a5b275419df267e55218e95f3fcdadf",
          "license": "Apache-2.0"
        },
        "platform/ext/target/nordic_nrf/common/core/startup_nrf54l_common.c": {
          "sha256": "9d01ab1345f7ff39e870389fecbe442d3af9f26055f67f87386bf03597008093",
          "license": "Apache-2.0"
        }
      }
    },
    "s115-10.0.1": {
      "release": "S115 10.0.1 from nRF Connect SDK Bare Metal v2.0.1",
      "repository": "https://github.com/nrfconnect/sdk-nrf-bm",
      "commit": "51484143c09199e19bccc16fa3b437f7a502a72b",
      "license": "LicenseRef-Nordic-5-Clause",
      "import_date": "2026-09-04",
      "imported": false,
      "patches": "none",
      "files": {
        "components/softdevice/nrf54lm/s115/s115_nrf54lm20_10.0.1_softdevice.hex": "c2b5bcf2b436e11daa9a85e9dca12060052244c2eec50032bf54d87a4a77c3a2",
        "components/softdevice/nrf54lm/s115/s115_10.0.1_license-agreement.txt": "7954ebb6167400e1b4232a513ed7cf8a9e3dcddf68297ca5f2d979f48afed382",
        "components/softdevice/nrf54lm/s115/s115_10.0.1_license-attribution.txt": "7f1899283abee89a08981a079782eefe7de928cca4df743f6731d818bfdca614",
        "components/softdevice/nrf54lm/s115/doc/s115_10.0.1_release-notes.rst": "075ff3728b70a066f26ac0877b9ae151dfedc51209824918a17e0260f3eb9444",
        "components/softdevice/nrf54lm/s115/s115_API/include/nrf_sdm.h": "1e051c429caf1673132c61570976c30b832bce98170b4dd610f39e4929320e0e",
        "components/softdevice/nrf54l/s115/s115_nrf54l15_10.0.1_softdevice.hex": "10659531dccd384f49495407d8764cd392be7a40a427a622b83ce26afac2e0fa",
        "components/softdevice/nrf54l/s115/s115_10.0.1_license-agreement.txt": "7954ebb6167400e1b4232a513ed7cf8a9e3dcddf68297ca5f2d979f48afed382",
        "components/softdevice/nrf54l/s115/doc/s115_10.0.1_release-notes.rst": "00a99e1d01807eb9415f5852ca8f62919ef4df0cda6ff59c128a9c5bb0730de1"
      }
    }
  },
  "oracles": {
    "ncs-hello-world": {
      "release": "nRF Connect SDK v3.4.0",
      "repository": "https://github.com/nrfconnect/sdk-nrf",
      "sample": "zephyr/samples/hello_world",
      "board": "nrf54lm20dk/nrf54lm20a/cpuapp",
      "soc": "nrf54lm20a",
      "core": "Application",
      "device_family": "NRF54L",
      "board_version": "PCA10184",
      "expected_token": "Hello World! nrf54lm20dk/nrf54lm20a/cpuapp",
      "vcom": 1,
      "image_allowlists": {
        "hello_world": [
          [
            0,
            2048000
          ]
        ]
      },
      "modules": {
        "nrf": "99553055607b2e9885fbc80ccd11fa9da81c2df0",
        "zephyr": "bf801e4e3d19e1ffa76164346480cb7734dd2800",
        "modules/hal/nordic": "18da0cc9726f8759c627dba3180b3ba9294e433c"
      },
      "files": {
        "zephyr/samples/hello_world/CMakeLists.txt": "4fb1ac53d25ad1943827352dbc773825f9a89668286db956bb4b98f949a2f93d",
        "zephyr/samples/hello_world/prj.conf": "81661c2d549ab252e266fcaad53350640c58a6d4d17dad54268e3cfc1166b6b3",
        "zephyr/samples/hello_world/src/main.c": "441f01eaf3bb6fb71614fad7264c5aaab135078ce3a73ae8c9d6889de5271d6b",
        "zephyr/boards/nordic/nrf54lm20dk/nrf54lm20dk_common.dtsi": "bf595f14715583311e3f89c3fba245bea171454f317469ee0d1ff7dff2b7a210",
        "zephyr/boards/nordic/nrf54lm20dk/nrf54lm20_a_b_cpuapp_common.dtsi": "e755faa447da8d4e9d0655e31b122a5ac300e43d962098b63c94bb202213f1f8",
        "zephyr/boards/nordic/nrf54lm20dk/nrf54lm20dk_nrf54lm20_a_b-pinctrl.dtsi": "425a2afab5a72e6bfb4d544b43a5a23db275d936cab7b00848e26c42b593a45f"
      },
      "license": "Apache-2.0",
      "imported": false,
      "patches": "none"
    },
    "ncs-hci-uart-sdc": {
      "release": "nRF Connect SDK v3.4.0",
      "repository": "https://github.com/nrfconnect/sdk-nrf",
      "sample": "zephyr/samples/bluetooth/hci_uart",
      "extra_conf": "tests/reference/ncs-hci-uart-sdc-hard-float.conf",
      "board": "nrf54lm20dk/nrf54lm20a/cpuapp",
      "soc": "nrf54lm20a",
      "core": "Application",
      "device_family": "NRF54L",
      "board_version": "PCA10184",
      "expected_token": "HCI Reset Command Complete",
      "vcom": 1,
      "hci_transport": {
        "type": "H4",
        "baud": 1000000,
        "hardware_flow_control": true
      },
      "image_allowlists": {
        "hci_uart": [[0, 2048000]]
      },
      "modules": {
        "nrf": "99553055607b2e9885fbc80ccd11fa9da81c2df0",
        "zephyr": "bf801e4e3d19e1ffa76164346480cb7734dd2800",
        "modules/hal/nordic": "18da0cc9726f8759c627dba3180b3ba9294e433c",
        "nrfxlib": "d4ce5fe1a7d8af29bc01a4e1ddf5540ef65b6a3b"
      },
      "files": {
        "zephyr/samples/bluetooth/hci_uart/CMakeLists.txt": "708824e02b084a47845124a9503705cf08121fa118949087303b20bea0a543a7",
        "zephyr/samples/bluetooth/hci_uart/prj.conf": "e76fa083e54f604e55b3a94d6b796c721d89b5a6e151bbfc5b2eeb79fd4a79d2",
        "zephyr/samples/bluetooth/hci_uart/src/main.c": "9f570b02b047dcbfef0f95809e860f03fc728b174c111d8f74d5b92c6ae80561",
        "zephyr/samples/bluetooth/hci_uart/boards/nrf54lm20dk_nrf54lm20a_cpuapp.overlay": "76d87e578baef30b337eb04145e46508dc73d959537d1103ec15871a9eed43d9",
        "zephyr/boards/nordic/nrf54lm20dk/nrf54lm20dk_common.dtsi": "bf595f14715583311e3f89c3fba245bea171454f317469ee0d1ff7dff2b7a210",
        "zephyr/boards/nordic/nrf54lm20dk/nrf54lm20_a_b_cpuapp_common.dtsi": "e755faa447da8d4e9d0655e31b122a5ac300e43d962098b63c94bb202213f1f8",
        "nrf/subsys/mpsl/init/mpsl_init.c": "e4b02e618e06bd4c26b63eaea619661a65a8f6dfdae8af292f202d74f3a19bc9",
        "nrfxlib/softdevice_controller/lib/nrf54lm/manifest.yaml": "49263225476c30ede292ad5d0965427f2a7da8b222c0bb41d129a66d6a9fb24b",
        "nrfxlib/mpsl/lib/nrf54lm/manifest.yaml": "2cd5b95867d1e525d18e2661868e73d188fa44218d7592e3274ce9736a913d2c"
      },
      "project_files": {
        "tests/reference/ncs-hci-uart-sdc-hard-float.conf": "93a3da251f729f0af2fc334b003f1c3e4cab013da0f596c5fc0577fe67266fbe"
      },
      "build_evidence": {
        "config": "hci_uart/zephyr/.config",
        "config_markers": ["CONFIG_BT_LL_SOFTDEVICE=y", "CONFIG_BT_LL_SOFTDEVICE_MULTIROLE=y", "CONFIG_MPSL=y", "CONFIG_FPU=y", "CONFIG_FP_HARDABI=y", "CONFIG_MPSL_LIB_FLOAT_ABI_DIR=\"hard-float\""],
        "link_file": "hci_uart/zephyr/zephyr.map",
        "link_markers": [
          "nrfxlib/softdevice_controller/lib/nrf54lm/hard-float/libsoftdevice_controller_multirole.a",
          "nrfxlib/mpsl/lib/nrf54lm/hard-float/libmpsl.a",
          "MPSL_IRQ_TIMER0_Handler",
          "MPSL_IRQ_RTC0_Handler",
          "MPSL_IRQ_RADIO_Handler",
          "mpsl_timer0_isr_wrapper",
          "mpsl_rtc0_isr_wrapper",
          "mpsl_radio_isr_wrapper"
        ],
        "forbidden_link_markers": [
          "libsoftdevice_controller_peripheral.a",
          "libsoftdevice_controller_central.a",
          "libsoftdevice_controller_ll_sw_split.a"
        ],
        "text_files": [{
          "path": "hci_uart/zephyr/isr_tables.c",
          "markers": [
            "z_irq_spurious}, /* 75 */",
            "z_irq_spurious}, /* 202 */"
          ]
        }]
      },
      "license": "Apache-2.0 AND LicenseRef-Nordic-5-Clause",
      "imported": false,
      "patches": "none"
    },
    "ncs-m5-radio-peer": {
      "release": "nRF Connect SDK v3.4.0",
      "repository": "https://github.com/nrfconnect/sdk-nrf",
      "sample": "tests/hardware/m5-radio-peer",
      "sample_origin": "project",
      "board": "nrf54l15dk/nrf54l15/cpuapp",
      "soc": "nrf54l15",
      "core": "Application",
      "device_family": "NRF54L",
      "board_version": "PCA10156",
      "vcom": 1,
      "image_allowlists": {
        "m5-radio-peer": [[0, 1429504]]
      },
      "profiles": {
        "tx": {
          "extra_conf": "tests/hardware/m5-radio-peer/configs/tx.conf",
          "expected_token": "NRFKIT_M5_PEER_TX PASS"
        },
        "rx": {
          "extra_conf": "tests/hardware/m5-radio-peer/configs/rx.conf",
          "expected_token": "NRFKIT_M5_PEER_RX PASS"
        },
        "tx-1m": {
          "extra_conf": "tests/hardware/m5-radio-peer/configs/tx-1m.conf",
          "expected_token": "NRFKIT_M5_PEER_TX PASS"
        },
        "rx-1m": {
          "extra_conf": "tests/hardware/m5-radio-peer/configs/rx-1m.conf",
          "expected_token": "NRFKIT_M5_PEER_RX PASS"
        },
        "tx-4m-bt-0-6": {
          "extra_conf": "tests/hardware/m5-radio-peer/configs/tx-4m-bt-0-6.conf",
          "expected_token": "NRFKIT_M7_PEER_TX PASS"
        },
        "rx-4m-bt-0-6": {
          "extra_conf": "tests/hardware/m5-radio-peer/configs/rx-4m-bt-0-6.conf",
          "expected_token": "NRFKIT_M7_PEER_RX PASS"
        },
        "tx-4m-bt-0-4": {
          "extra_conf": "tests/hardware/m5-radio-peer/configs/tx-4m-bt-0-4.conf",
          "expected_token": "NRFKIT_M7_PEER_TX PASS"
        },
        "rx-4m-bt-0-4": {
          "extra_conf": "tests/hardware/m5-radio-peer/configs/rx-4m-bt-0-4.conf",
          "expected_token": "NRFKIT_M7_PEER_RX PASS"
        }
      },
      "modules": {
        "nrf": "99553055607b2e9885fbc80ccd11fa9da81c2df0",
        "zephyr": "bf801e4e3d19e1ffa76164346480cb7734dd2800",
        "modules/hal/nordic": "18da0cc9726f8759c627dba3180b3ba9294e433c"
      },
      "files": {
        "nrf/samples/peripheral/radio_test/src/main.c": "22a3d99311934f2ff14870003f1c367827853f5d61bf3c6b443db8b6be942d5f",
        "nrf/samples/peripheral/radio_test/src/radio_test.c": "e493efb2391e0a70b375a7598604e9a01f71e7de5dd80d3271344627c4f450ed"
      },
      "project_files": {
        "tests/hardware/m5-radio-peer/CMakeLists.txt": "42c39479658f4be7695e7e93bbd34f1fa70ad902962ac581082c7851e18ba359",
        "tests/hardware/m5-radio-peer/Kconfig": "c678bcb635008b0599fb9fc60d2a2ccbcc06452c1f391feddef9176c2fa3453f",
        "tests/hardware/m5-radio-peer/prj.conf": "5a64f7a7c9bbb5f816fd09b70942fad67dc604d99ddabcb9f78a7674fedf2377",
        "tests/hardware/m5-radio-peer/configs/tx.conf": "afc6f26a88dc625ff41e4967434f0ea16043e7a9daf2b3f988aad095fcef5dba",
        "tests/hardware/m5-radio-peer/configs/rx.conf": "b9df538bbd0939cd609aa26a3399aca4b3d4629e2fec1f8aa4f2fbd15f34008c",
        "tests/hardware/m5-radio-peer/configs/tx-1m.conf": "366e99fdf86dc66acdd3670bac3984248bb7a68ae67935e1162768e478b75968",
        "tests/hardware/m5-radio-peer/configs/rx-1m.conf": "48e46d1e98861a419d67b4baef71fc21f5ba2cee4577bb5e818ca0707bc12949",
        "tests/hardware/m5-radio-peer/configs/tx-4m-bt-0-6.conf": "912d01171e67565db2a49bcbc06e0131bb0901291ecdae9616ee89a80bc9bcef",
        "tests/hardware/m5-radio-peer/configs/rx-4m-bt-0-6.conf": "a02852468ccf69108efde9b19339d91a347e2c4ecce0f23c83da547c6550f1a8",
        "tests/hardware/m5-radio-peer/configs/tx-4m-bt-0-4.conf": "9b16dc9101d89970806a787251e3ec11c6de767f826f2910ca792af4a92e0efe",
        "tests/hardware/m5-radio-peer/configs/rx-4m-bt-0-4.conf": "28cf03d97c2720a2eac820e043b44243afacd6f7722a3e29ff6ab1838356846f",
        "tests/hardware/m5-radio-peer/src/main.c": "c5fb3093b1c50a6cedce90cdb18942a59e7af8d4219e2448db274798b66177c5"
      },
      "license": "BSD-3-Clause",
      "imported": false,
      "patches": "none"
    },
        "nrf-bm-ble-hids-mouse-s115": {
            "release": "nRF Connect SDK Bare Metal v2.0.1",
            "repository": "https://github.com/nrfconnect/sdk-nrf-bm",
            "sample": "nrf-bm/samples/bluetooth/ble_hids_mouse",
            "board": "bm_nrf54lm20dk/nrf54lm20a/cpuapp/s115_softdevice",
            "soc": "nrf54lm20a",
            "core": "Application",
            "device_family": "NRF54L",
            "board_version": "PCA10184",
            "expected_token": "BLE HIDS Mouse sample initialized",
            "vcom": 1,
            "image_allowlists": {
                "softdevice": [
                    [
                        1980416,
                        2083840
                    ]
                ],
                "ble_hids_mouse": [
                    [
                        0,
                        1980416
                    ]
                ]
            },
            "modules": {
                "nrf-bm": "51484143c09199e19bccc16fa3b437f7a502a72b",
                "nrf": "ba167d9f3db4abbdc9b67887ca3ea66c64f2d956",
                "zephyr": "fd9204a02d52630660ce8d729945a4dd743feabf",
                "modules/hal/nordic": "1acb428a205bad58f3dfd4e38f2d1663bb784ba1"
            },
            "files": {
                "nrf-bm/samples/bluetooth/ble_hids_mouse/CMakeLists.txt": "9a533be8f1d9a95e6cf741e609a1be1b55e59234ca9f60ef060a524669e59f1d",
                "nrf-bm/samples/bluetooth/ble_hids_mouse/Kconfig": "367686b1288c35817124107267af3a051028855a4b57cb0c30186136d4018d6c",
                "nrf-bm/samples/bluetooth/ble_hids_mouse/prj.conf": "1707806fbd06f0c355aac4aae77277e9aa1f411b2ce5d67da7b238391ffd6738",
                "nrf-bm/samples/bluetooth/ble_hids_mouse/sample.yaml": "ad22b4d59b60513c47403519e234a39e3da8b6c08280b3a0081efbe09213bd5d",
                "nrf-bm/samples/bluetooth/ble_hids_mouse/src/main.c": "8b44872199b3118fd940371ed9ea12d6ec7df9c11f0b38ad2f517b6ebe3bafef",
                "nrf-bm/components/softdevice/nrf54lm/s115/s115_nrf54lm20_10.0.1_softdevice.hex": "c2b5bcf2b436e11daa9a85e9dca12060052244c2eec50032bf54d87a4a77c3a2"
            },
            "license": "LicenseRef-Nordic-5-Clause",
            "wireless_component": "S115 for nRF54LM20 10.0.1",
            "imported": false,
            "patches": "none"
        },
        "nrf-bm-m6-s145-central": {
            "release": "nRF Connect SDK Bare Metal v2.0.1",
            "repository": "https://github.com/nrfconnect/sdk-nrf-bm",
            "sample": "tests/hardware/m6-s145-central",
            "sample_origin": "project",
            "board": "bm_nrf54l15dk/nrf54l15/cpuapp/s145_softdevice",
            "soc": "nrf54l15",
            "core": "Application",
            "device_family": "NRF54L",
            "board_version": "PCA10156",
            "vcom": 1,
            "image_allowlists": {
                "softdevice": [[1419264, 1559552]],
                "m6-s145-central": [[0, 1419264]]
            },
            "profiles": {
                "p2": {
                    "extra_conf": "tests/hardware/m6-s145-central/configs/p2.conf",
                    "expected_token": "NRFKIT_M6_CENTRAL RESULT phase=legacy status=ok error=0 source=0 bonded=0 lesc=0 encrypted=1 own_enc=0 own_id=0 peer_enc=0 peer_id=0"
                },
                "p3": {
                    "extra_conf": "tests/hardware/m6-s145-central/configs/p3.conf",
                    "expected_token": "NRFKIT_M6_CENTRAL RESULT phase=lesc-no-bond status=ok error=0 source=0 bonded=0 lesc=1 encrypted=1 own_enc=0 own_id=0 peer_enc=0 peer_id=0"
                },
                "bonding": {
                    "extra_conf": "tests/hardware/m6-s145-central/configs/bonding.conf",
                    "expected_token": "NRFKIT_M6_CENTRAL RESULT phase=lesc-bond status=ok error=0 source=0 bonded=1 lesc=1 encrypted=1 own_enc=1 own_id=1 peer_enc=0 peer_id=1"
                },
                "hid": {
                    "extra_conf": "tests/hardware/m6-s145-central/configs/hid.conf",
                    "expected_token": "NRFKIT_M6_CENTRAL RESULT phase=lesc-bond status=ok error=0 source=0 bonded=1 lesc=1 encrypted=1 own_enc=1 own_id=1 peer_enc=0 peer_id=1"
                },
                "product": {
                    "extra_conf": "tests/hardware/m6-s145-central/configs/product.conf",
                    "expected_token": "NRFKIT_M6_CENTRAL RESULT phase=lesc-bond status=ok error=0 source=0 bonded=1 lesc=1 encrypted=1 own_enc=1 own_id=1 peer_enc=0 peer_id=1"
                },
                "reconnect": {
                    "extra_conf": "tests/hardware/m6-s145-central/configs/reconnect.conf",
                    "expected_token": "NRFKIT_M6_CENTRAL SECURED phase=lesc-bond error=0"
                },
                "bluez-kdist": {
                    "extra_conf": "tests/hardware/m6-s145-central/configs/bluez-kdist.conf",
                    "expected_token": "NRFKIT_M6_CENTRAL RESULT phase=lesc-bond status=ok error=0 source=0 bonded=1 lesc=1 encrypted=1 own_enc=1 own_id=0 peer_enc=0 peer_id=1"
                }
            },
            "modules": {
                "nrf-bm": "51484143c09199e19bccc16fa3b437f7a502a72b",
                "nrf": "ba167d9f3db4abbdc9b67887ca3ea66c64f2d956",
                "zephyr": "fd9204a02d52630660ce8d729945a4dd743feabf",
                "modules/hal/nordic": "1acb428a205bad58f3dfd4e38f2d1663bb784ba1"
            },
            "files": {
                "nrf-bm/components/softdevice/nrf54l/s145/s145_nrf54l15_10.0.1_softdevice.hex": "fe6fef44a7cf99dd10e3b0dc8ac65389f45f77b6762b2deb893d4691cdbba69d",
                "nrf-bm/boards/nordic/bm_nrf54l15dk/bm_nrf54l15dk_nrf54l15_cpuapp_s145_softdevice.dts": "7a9e17a35b3e2aa24969252597b57367a6aafa560eae27b4fad2c12bc72fa90c",
                "nrf-bm/boards/nordic/bm_nrf54l15dk/bm_nrf54l15dk_nrf54l15_cpuapp_common.dtsi": "9d41cbb62702cbc0162bc7c77a49a638231ae7fd752d803c9864d98239741075"
            },
            "project_files": {
                "tests/hardware/m6-s145-central/CMakeLists.txt": "519a4a2601c0e3c57bfab149d72e211223c9e964f3fd406f5ea711ed819b6115",
                "tests/hardware/m6-s145-central/Kconfig": "714786da20a2d95f0ed04b82f8b0824f5375da3843269665e601a0ce93f2192e",
                "tests/hardware/m6-s145-central/prj.conf": "c8a2de46481c5da5532436bdcdd4ad0539ea06550c434ccb558ad2c9dd03818a",
                "tests/hardware/m6-s145-central/configs/p2.conf": "cd53aff27167826cddd3a016527113ff2d99bc548eb81ef5365a4d390288ce66",
                "tests/hardware/m6-s145-central/configs/p3.conf": "3c5ff883ac1e5bd59ad28a7ad02930e8f5446ed9c4e11557d839c8d5bbd1dc08",
                "tests/hardware/m6-s145-central/configs/bonding.conf": "ba12f3de148ffa2122084d83fd7c6e409247b39004dbacd108992eda160c7617",
                "tests/hardware/m6-s145-central/configs/bluez-kdist.conf": "2da230060a3a4f2d090f777f56e14684211c0858258065827b992617c14e7d4c",
                "tests/hardware/m6-s145-central/configs/hid.conf": "b0a63384eee511bc3642bd05e96d427485973502ec7deb7b0945ea1040a9dfcf",
                "tests/hardware/m6-s145-central/configs/product.conf": "065af0a422041e5ec526e0d9234c41616f8ee8345065cc1fc4c0a5f0f4d1bfc5",
                "tests/hardware/m6-s145-central/configs/reconnect.conf": "d47ccccaa2a098166323d887941a8e8913ac3e4fe8d4000b1b8c7284fd069831",
                "tests/hardware/m6-s145-central/src/main.c": "2269279f57e44cba25610ec959946344e5da8f683db4f420d36f260b37ac4155"
            },
            "license": "LicenseRef-Nordic-5-Clause",
            "wireless_component": "S145 for nRF54L15 10.0.1",
            "imported": false,
            "patches": "none"
        },
        "nrf-bm-leds-s115": {
      "release": "nRF Connect SDK Bare Metal v2.0.1",
      "repository": "https://github.com/nrfconnect/sdk-nrf-bm",
      "sample": "nrf-bm/samples/peripherals/leds",
      "board": "bm_nrf54lm20dk/nrf54lm20a/cpuapp/s115_softdevice",
      "soc": "nrf54lm20a",
      "core": "Application",
      "device_family": "NRF54L",
      "board_version": "PCA10184",
      "expected_token": "LEDs sample initialized",
      "vcom": 1,
      "image_allowlists": {
        "softdevice": [
          [
            1980416,
            2083840
          ]
        ],
        "leds": [
          [
            0,
            1980416
          ]
        ]
      },
      "modules": {
        "nrf-bm": "51484143c09199e19bccc16fa3b437f7a502a72b",
        "nrf": "ba167d9f3db4abbdc9b67887ca3ea66c64f2d956",
        "zephyr": "fd9204a02d52630660ce8d729945a4dd743feabf",
        "modules/hal/nordic": "1acb428a205bad58f3dfd4e38f2d1663bb784ba1"
      },
      "files": {
        "nrf-bm/samples/peripherals/leds/CMakeLists.txt": "aa3356d170f4887dc478bc63665f6b8a754d97b239db79c7d1e1f39ba45e833d",
        "nrf-bm/samples/peripherals/leds/prj.conf": "47a0a1b5bc31319bcfdb73c06da8d9a5170218d2f52687f4783714a4251f56fd",
        "nrf-bm/samples/peripherals/leds/src/main.c": "3b22522fba19b974592fd2de52ce634adb8f5d899176162863514e4bdbb41e6b",
        "nrf-bm/components/softdevice/nrf54lm/s115/s115_nrf54lm20_10.0.1_softdevice.hex": "c2b5bcf2b436e11daa9a85e9dca12060052244c2eec50032bf54d87a4a77c3a2"
      },
      "license": "LicenseRef-Nordic-5-Clause",
      "wireless_component": "S115 for nRF54LM20 10.0.1",
      "imported": false,
      "patches": "none"
    }
  }
}
